Microsoft Visual Studio Solution File, Format Version 12.00
# Visual Studio Version 17
VisualStudioVersion = 17.5.2.0
MinimumVisualStudioVersion = 10.0.40219.1
Project("{FAE04EC0-301F-11D3-BF4B-00C04F79EFBC}") = "FizzBuzzFlex.Api", "FizzBuzzFlex.Api\FizzBuzzFlex.Api.csproj", "{F7933FD1-C868-C22E-8C7B-B5FB807B707B}"
EndProject
Project("{FAE04EC0-301F-11D3-BF4B-00C04F79EFBC}") = "FizzBuzzFlex.EF", "FizzBuzzFlex.EF\FizzBuzzFlex.EF.csproj", "{47B14819-BC2A-4DE5-AE77-AAEADD0C0AD5}"
EndProject
Project("{FAE04EC0-301F-11D3-BF4B-00C04F79EFBC}") = "FizzBuzzFlex.Tests", "FizzBuzzFlex.Tests\FizzBuzzFlex.Tests.csproj", "{0E32C988-6E7B-4942-983D-AD4E0A75A9C2}"
EndProject
Global
	GlobalSection(SolutionConfigurationPlatforms) = preSolution
		Debug|Any CPU = Debug|Any CPU
		Release|Any CPU = Release|Any CPU
	EndGlobalSection
	GlobalSection(ProjectConfigurationPlatforms) = postSolution
		{F7933FD1-C868-C22E-8C7B-B5FB807B707B}.Debug|Any CPU.ActiveCfg = Debug|Any CPU
		{F7933FD1-C868-C22E-8C7B-B5FB807B707B}.Debug|Any CPU.Build.0 = Debug|Any CPU
		{F7933FD1-C868-C22E-8C7B-B5FB807B707B}.Release|Any CPU.ActiveCfg = Release|Any CPU
		{F7933FD1-C868-C22E-8C7B-B5FB807B707B}.Release|Any CPU.Build.0 = Release|Any CPU
		{47B14819-BC2A-4DE5-AE77-AAEADD0C0AD5}.Debug|Any CPU.ActiveCfg = Debug|Any CPU
		{47B14819-BC2A-4DE5-AE77-AAEADD0C0AD5}.Debug|Any CPU.Build.0 = Debug|Any CPU
		{47B14819-BC2A-4DE5-AE77-AAEADD0C0AD5}.Release|Any CPU.ActiveCfg = Release|Any CPU
		{47B14819-BC2A-4DE5-AE77-AAEADD0C0AD5}.Release|Any CPU.Build.0 = Release|Any CPU
		{0E32C988-6E7B-4942-983D-AD4E0A75A9C2}.Debug|Any CPU.ActiveCfg = Debug|Any CPU
		{0E32C988-6E7B-4942-983D-AD4E0A75A9C2}.Debug|Any CPU.Build.0 = Debug|Any CPU
		{0E32C988-6E7B-4942-983D-AD4E0A75A9C2}.Release|Any CPU.ActiveCfg = Release|Any CPU
		{0E32C988-6E7B-4942-983D-AD4E0A75A9C2}.Release|Any CPU.Build.0 = Release|Any CPU
	EndGlobalSection
	GlobalSection(SolutionProperties) = preSolution
		HideSolutionNode = FALSE
	EndGlobalSection
	GlobalSection(ExtensibilityGlobals) = postSolution
		SolutionGuid = {255696A1-40F8-4AF9-8397-A621F5783F16}
	EndGlobalSection
EndGlobal
